{
  "name": "typescript-exercises",
  "version": "0.0.0",
  "lockfileVersion": 2,
  "requires": true,
  "packages": {
    "": {
      "name": "typescript-exercises",
      "version": "0.0.0",
      "dependencies": {
        "@babel/runtime": "7.18.6",
        "@types/jest": "^20.0.8",
        "@types/node": "^8.0.28",
        "typescript": "^2.9.1"
      }
    },
    "node_modules/@babel/runtime": {
      "version": "7.18.6",
      "resolved": "https://pkgs.dev.azure.com/IngEurCDaaS01/IngOne/_packaging/central-npm-feed/npm/registry/@babel/runtime/-/runtime-7.18.6.tgz",
      "integrity": "sha1-ah71n4ON69ZwQh+Mfyy7jal1FYA=",
      "license": "MIT",
      "dependencies": {
        "regenerator-runtime": "^0.13.4"
      },
      "engines": {
        "node": ">=6.9.0"
      }
    },
    "node_modules/@types/jest": {
      "version": "20.0.8",
      "resolved": "https://pkgs.dev.azure.com/IngEurCDaaS01/IngOne/_packaging/central-npm-feed/npm/registry/@types/jest/-/jest-20.0.8.tgz",
      "integrity": "sha1-f4yX9z0g079USPvjNmGjQgArWVQ=",
      "license": "MIT"
    },
    "node_modules/@types/node": {
      "version": "8.10.66",
      "resolved": "https://pkgs.dev.azure.com/IngEurCDaaS01/IngOne/_packaging/central-npm-feed/npm/registry/@types/node/-/node-8.10.66.tgz",
      "integrity": "sha1-3QNdQJ3zIqzIPf9ipgLxKleDu7M=",
      "license": "MIT"
    },
    "node_modules/regenerator-runtime": {
      "version": "0.13.9",
      "resolved": "https://pkgs.dev.azure.com/IngEurCDaaS01/IngOne/_packaging/central-npm-feed/npm/registry/regenerator-runtime/-/regenerator-runtime-0.13.9.tgz",
      "integrity": "sha1-iSV0Kpj/2QgUmI11Zq0wyjsmO1I=",
      "license": "MIT"
    },
    "node_modules/typescript": {
      "version": "2.9.2",
      "resolved": "https://pkgs.dev.azure.com/IngEurCDaaS01/IngOne/_packaging/central-npm-feed/npm/registry/typescript/-/typescript-2.9.2.tgz",
      "integrity": "sha1-HL9h0F1rliaSROtqO85L2RTg8Aw=",
      "license": "Apache-2.0",
      "bin": {
        "tsc": "bin/tsc",
        "tsserver": "bin/tsserver"
      },
      "engines": {
        "node": ">=4.2.0"
      }
    }
  },
  "dependencies": {
    "@babel/runtime": {
      "version": "7.18.6",
      "resolved": "https://pkgs.dev.azure.com/IngEurCDaaS01/IngOne/_packaging/central-npm-feed/npm/registry/@babel/runtime/-/runtime-7.18.6.tgz",
      "integrity": "sha1-ah71n4ON69ZwQh+Mfyy7jal1FYA=",
      "requires": {
        "regenerator-runtime": "^0.13.4"
      }
    },
    "@types/jest": {
      "version": "20.0.8",
      "resolved": "https://pkgs.dev.azure.com/IngEurCDaaS01/IngOne/_packaging/central-npm-feed/npm/registry/@types/jest/-/jest-20.0.8.tgz",
      "integrity": "sha1-f4yX9z0g079USPvjNmGjQgArWVQ="
    },
    "@types/node": {
      "version": "8.10.66",
      "resolved": "https://pkgs.dev.azure.com/IngEurCDaaS01/IngOne/_packaging/central-npm-feed/npm/registry/@types/node/-/node-8.10.66.tgz",
      "integrity": "sha1-3QNdQJ3zIqzIPf9ipgLxKleDu7M="
    },
    "regenerator-runtime": {
      "version": "0.13.9",
      "resolved": "https://pkgs.dev.azure.com/IngEurCDaaS01/IngOne/_packaging/central-npm-feed/npm/registry/regenerator-runtime/-/regenerator-runtime-0.13.9.tgz",
      "integrity": "sha1-iSV0Kpj/2QgUmI11Zq0wyjsmO1I="
    },
    "typescript": {
      "version": "2.9.2",
      "resolved": "https://pkgs.dev.azure.com/IngEurCDaaS01/IngOne/_packaging/central-npm-feed/npm/registry/typescript/-/typescript-2.9.2.tgz",
      "integrity": "sha1-HL9h0F1rliaSROtqO85L2RTg8Aw="
    }
  }
}
